
Microsoft Visual Studio Solution File, Format Version 12.00
# Visual Studio Version 17
VisualStudioVersion = 17.13.35617.110
MinimumVisualStudioVersion = 10.0.40219.1
Project("{FAE04EC0-301F-11D3-BF4B-00C04F79EFBC}") = "CapstonProjectBE", "CapstonProjectBE\CapstonProjectBE.csproj", "{CE81BE1F-18A8-4028-A980-66696E37C201}"
EndProject
Project("{FAE04EC0-301F-11D3-BF4B-00C04F79EFBC}") = "Infrastructure", "Infrastructure\Infrastructure.csproj", "{29CFFBC6-784F-4F4B-8AAE-75394D486030}"
EndProject
Project("{FAE04EC0-301F-11D3-BF4B-00C04F79EFBC}") = "Domain", "Domain\Domain.csproj", "{0B9ABEA8-DEF5-44F8-BC18-2EB2E52F8189}"
EndProject
Project("{FAE04EC0-301F-11D3-BF4B-00C04F79EFBC}") = "Application", "Application\Application.csproj", "{1A2D872A-B1C4-4130-BBC6-E6FD77043485}"
EndProject
Global
	GlobalSection(SolutionConfigurationPlatforms) = preSolution
		Debug|Any CPU = Debug|Any CPU
		Release|Any CPU = Release|Any CPU
	EndGlobalSection
	GlobalSection(ProjectConfigurationPlatforms) = postSolution
		{CE81BE1F-18A8-4028-A980-66696E37C201}.Debug|Any CPU.ActiveCfg = Debug|Any CPU
		{CE81BE1F-18A8-4028-A980-66696E37C201}.Debug|Any CPU.Build.0 = Debug|Any CPU
		{CE81BE1F-18A8-4028-A980-66696E37C201}.Release|Any CPU.ActiveCfg = Release|Any CPU
		{CE81BE1F-18A8-4028-A980-66696E37C201}.Release|Any CPU.Build.0 = Release|Any CPU
		{29CFFBC6-784F-4F4B-8AAE-75394D486030}.Debug|Any CPU.ActiveCfg = Debug|Any CPU
		{29CFFBC6-784F-4F4B-8AAE-75394D486030}.Debug|Any CPU.Build.0 = Debug|Any CPU
		{29CFFBC6-784F-4F4B-8AAE-75394D486030}.Release|Any CPU.ActiveCfg = Release|Any CPU
		{29CFFBC6-784F-4F4B-8AAE-75394D486030}.Release|Any CPU.Build.0 = Release|Any CPU
		{0B9ABEA8-DEF5-44F8-BC18-2EB2E52F8189}.Debug|Any CPU.ActiveCfg = Debug|Any CPU
		{0B9ABEA8-DEF5-44F8-BC18-2EB2E52F8189}.Debug|Any CPU.Build.0 = Debug|Any CPU
		{0B9ABEA8-DEF5-44F8-BC18-2EB2E52F8189}.Release|Any CPU.ActiveCfg = Release|Any CPU
		{0B9ABEA8-DEF5-44F8-BC18-2EB2E52F8189}.Release|Any CPU.Build.0 = Release|Any CPU
		{1A2D872A-B1C4-4130-BBC6-E6FD77043485}.Debug|Any CPU.ActiveCfg = Debug|Any CPU
		{1A2D872A-B1C4-4130-BBC6-E6FD77043485}.Debug|Any CPU.Build.0 = Debug|Any CPU
		{1A2D872A-B1C4-4130-BBC6-E6FD77043485}.Release|Any CPU.ActiveCfg = Release|Any CPU
		{1A2D872A-B1C4-4130-BBC6-E6FD77043485}.Release|Any CPU.Build.0 = Release|Any CPU
	EndGlobalSection
	GlobalSection(SolutionProperties) = preSolution
		HideSolutionNode = FALSE
	EndGlobalSection
	GlobalSection(ExtensibilityGlobals) = postSolution
		SolutionGuid = {301EE4BD-237B-451C-8B6A-2E20589C422D}
	EndGlobalSection
EndGlobal
